
Microsoft Visual Studio Solution File, Format Version 12.00
# Visual Studio Version 17
VisualStudioVersion = 17.14.36616.10 d17.14
MinimumVisualStudioVersion = 10.0.40219.1
Project("{FAE04EC0-301F-11D3-BF4B-00C04F79EFBC}") = "Domain", "Orders\Domain.csproj", "{E2A1E6A8-C50D-4AA8-958F-9B8459C43253}"
EndProject
Project("{FAE04EC0-301F-11D3-BF4B-00C04F79EFBC}") = "Infrastructure", "Infrastructure\Infrastructure.csproj", "{7037454A-6DC0-40C7-B00C-1C96818A5E57}"
EndProject
Project("{FAE04EC0-301F-11D3-BF4B-00C04F79EFBC}") = "Application", "Application\Application.csproj", "{08B296E5-E090-4D6B-8DAC-672FFD81FA2B}"
EndProject
Project("{FAE04EC0-301F-11D3-BF4B-00C04F79EFBC}") = "Worker", "Worker\Worker.csproj", "{60FED2C6-FEDE-44E2-9A59-78B049CF7E6C}"
EndProject
Global
	GlobalSection(SolutionConfigurationPlatforms) = preSolution
		Debug|Any CPU = Debug|Any CPU
		Release|Any CPU = Release|Any CPU
	EndGlobalSection
	GlobalSection(ProjectConfigurationPlatforms) = postSolution
		{E2A1E6A8-C50D-4AA8-958F-9B8459C43253}.Debug|Any CPU.ActiveCfg = Debug|Any CPU
		{E2A1E6A8-C50D-4AA8-958F-9B8459C43253}.Debug|Any CPU.Build.0 = Debug|Any CPU
		{E2A1E6A8-C50D-4AA8-958F-9B8459C43253}.Release|Any CPU.ActiveCfg = Release|Any CPU
		{E2A1E6A8-C50D-4AA8-958F-9B8459C43253}.Release|Any CPU.Build.0 = Release|Any CPU
		{7037454A-6DC0-40C7-B00C-1C96818A5E57}.Debug|Any CPU.ActiveCfg = Debug|Any CPU
		{7037454A-6DC0-40C7-B00C-1C96818A5E57}.Debug|Any CPU.Build.0 = Debug|Any CPU
		{7037454A-6DC0-40C7-B00C-1C96818A5E57}.Release|Any CPU.ActiveCfg = Release|Any CPU
		{7037454A-6DC0-40C7-B00C-1C96818A5E57}.Release|Any CPU.Build.0 = Release|Any CPU
		{08B296E5-E090-4D6B-8DAC-672FFD81FA2B}.Debug|Any CPU.ActiveCfg = Debug|Any CPU
		{08B296E5-E090-4D6B-8DAC-672FFD81FA2B}.Debug|Any CPU.Build.0 = Debug|Any CPU
		{08B296E5-E090-4D6B-8DAC-672FFD81FA2B}.Release|Any CPU.ActiveCfg = Release|Any CPU
		{08B296E5-E090-4D6B-8DAC-672FFD81FA2B}.Release|Any CPU.Build.0 = Release|Any CPU
		{60FED2C6-FEDE-44E2-9A59-78B049CF7E6C}.Debug|Any CPU.ActiveCfg = Debug|Any CPU
		{60FED2C6-FEDE-44E2-9A59-78B049CF7E6C}.Debug|Any CPU.Build.0 = Debug|Any CPU
		{60FED2C6-FEDE-44E2-9A59-78B049CF7E6C}.Release|Any CPU.ActiveCfg = Release|Any CPU
		{60FED2C6-FEDE-44E2-9A59-78B049CF7E6C}.Release|Any CPU.Build.0 = Release|Any CPU
	EndGlobalSection
	GlobalSection(SolutionProperties) = preSolution
		HideSolutionNode = FALSE
	EndGlobalSection
	GlobalSection(ExtensibilityGlobals) = postSolution
		SolutionGuid = {C3E3AE99-F622-4E75-A6A6-6FBEDD2B9B81}
	EndGlobalSection
EndGlobal
